lockfileVersion: '9.0'

settings:
  autoInstallPeers: true
  excludeLinksFromLockfile: false

importers:

  .:
    devDependencies:
      '@biomejs/biome':
        specifier: 2.3.15
        version: 2.3.15
      '@clack/prompts':
        specifier: ^1.0.1
        version: 1.0.1
      '@types/node':
        specifier: ^20.17.19
        version: 20.19.33
      changelogen:
        specifier: ^0.6.2
        version: 0.6.2
      nanoexec:
        specifier: ^1.1.0
        version: 1.1.0(@types/node@20.19.33)
      picocolors:
        specifier: ^1.1.1
        version: 1.1.1
      prettier:
        specifier: ^3.8.1
        version: 3.8.1
      sade:
        specifier: ^1.8.1
        version: 1.8.1
      taze:
        specifier: ^19.9.2
        version: 19.9.2
      tsdown:
        specifier: ^0.20.3
        version: 0.20.3(typescript@5.9.3)
      typescript:
        specifier: ^5.9.3
        version: 5.9.3

packages:

  '@antfu/ni@27.0.1':
    resolution: {integrity: sha512-I6SOlwJ0MN73ECYcr7VJHpqSseyd7bpshx6JAaD0zNowS4kSWzFsqg8ikQT7DnCLiD4AZ+FaQJQ8WAk0Qi89Vw==}
    engines: {node: '>=20'}
    hasBin: true

  '@babel/generator@8.0.0-rc.1':
    resolution: {integrity: sha512-3ypWOOiC4AYHKr8vYRVtWtWmyvcoItHtVqF8paFax+ydpmUdPsJpLBkBBs5ItmhdrwC3a0ZSqqFAdzls4ODP3w==}
    engines: {node: ^20.19.0 || >=22.12.0}

  '@babel/helper-string-parser@8.0.0-rc.1':
    resolution: {integrity: sha512-vi/pfmbrOtQmqgfboaBhaCU50G7mcySVu69VU8z+lYoPPB6WzI9VgV7WQfL908M4oeSH5fDkmoupIqoE0SdApw==}
    engines: {node: ^20.19.0 || >=22.12.0}

  '@babel/helper-validator-identifier@8.0.0-rc.1':
    resolution: {integrity: sha512-I4YnARytXC2RzkLNVnf5qFNFMzp679qZpmtw/V3Jt2uGnWiIxyJtaukjG7R8pSx8nG2NamICpGfljQsogj+FbQ==}
    engines: {node: ^20.19.0 || >=22.12.0}

  '@babel/parser@8.0.0-rc.1':
    resolution: {integrity: sha512-6HyyU5l1yK/7h9Ki52i5h6mDAx4qJdiLQO4FdCyJNoB/gy3T3GGJdhQzzbZgvgZCugYBvwtQiWRt94QKedHnkA==}
    engines: {node: ^20.19.0 || >=22.12.0}
    hasBin: true

  '@babel/types@8.0.0-rc.1':
    resolution: {integrity: sha512-ubmJ6TShyaD69VE9DQrlXcdkvJbmwWPB8qYj0H2kaJi29O7vJT9ajSdBd2W8CG34pwL9pYA74fi7RHC1qbLoVQ==}
    engines: {node: ^20.19.0 || >=22.12.0}

  '@biomejs/biome@2.3.15':
    resolution: {integrity: sha512-u+jlPBAU2B45LDkjjNNYpc1PvqrM/co4loNommS9/sl9oSxsAQKsNZejYuUztvToB5oXi1tN/e62iNd6ESiY3g==}
    engines: {node: '>=14.21.3'}
    hasBin: true

  '@biomejs/cli-darwin-arm64@2.3.15':
    resolution: {integrity: sha512-SDCdrJ4COim1r8SNHg19oqT50JfkI/xGZHSyC6mGzMfKrpNe/217Eq6y98XhNTc0vGWDjznSDNXdUc6Kg24jbw==}
    engines: {node: '>=14.21.3'}
    cpu: [arm64]
    os: [darwin]

  '@biomejs/cli-darwin-x64@2.3.15':
    resolution: {integrity: sha512-RkyeSosBtn3C3Un8zQnl9upX0Qbq4E3QmBa0qjpOh1MebRbHhNlRC16jk8HdTe/9ym5zlfnpbb8cKXzW+vlTxw==}
    engines: {node: '>=14.21.3'}
    cpu: [x64]
    os: [darwin]

  '@biomejs/cli-linux-arm64-musl@2.3.15':
    resolution: {integrity: sha512-SSSIj2yMkFdSkXqASzIBdjySBXOe65RJlhKEDlri7MN19RC4cpez+C0kEwPrhXOTgJbwQR9QH1F4+VnHkC35pg==}
    engines: {node: '>=14.21.3'}
    cpu: [arm64]
    os: [linux]

  '@biomejs/cli-linux-arm64@2.3.15':
    resolution: {integrity: sha512-FN83KxrdVWANOn5tDmW6UBC0grojchbGmcEz6JkRs2YY6DY63sTZhwkQ56x6YtKhDVV1Unz7FJexy8o7KwuIhg==}
    engines: {node: '>=14.21.3'}
    cpu: [arm64]
    os: [linux]

  '@biomejs/cli-linux-x64-musl@2.3.15':
    resolution: {integrity: sha512-dbjPzTh+ijmmNwojFYbQNMFp332019ZDioBYAMMJj5Ux9d8MkM+u+J68SBJGVwVeSHMYj+T9504CoxEzQxrdNw==}
    engines: {node: '>=14.21.3'}
    cpu: [x64]
    os: [linux]

  '@biomejs/cli-linux-x64@2.3.15':
    resolution: {integrity: sha512-T8n9p8aiIKOrAD7SwC7opiBM1LYGrE5G3OQRXWgbeo/merBk8m+uxJ1nOXMPzfYyFLfPlKF92QS06KN1UW+Zbg==}
    engines: {node: '>=14.21.3'}
    cpu: [x64]
    os: [linux]

  '@biomejs/cli-win32-arm64@2.3.15':
    resolution: {integrity: sha512-puMuenu/2brQdgqtQ7geNwQlNVxiABKEZJhMRX6AGWcmrMO8EObMXniFQywy2b81qmC+q+SDvlOpspNwz0WiOA==}
    engines: {node: '>=14.21.3'}
    cpu: [arm64]
    os: [win32]

  '@biomejs/cli-win32-x64@2.3.15':
    resolution: {integrity: sha512-kDZr/hgg+igo5Emi0LcjlgfkoGZtgIpJKhnvKTRmMBv6FF/3SDyEV4khBwqNebZIyMZTzvpca9sQNSXJ39pI2A==}
    engines: {node: '>=14.21.3'}
    cpu: [x64]
    os: [win32]

  '@clack/core@1.0.1':
    resolution: {integrity: sha512-WKeyK3NOBwDOzagPR5H08rFk9D/WuN705yEbuZvKqlkmoLM2woKtXb10OO2k1NoSU4SFG947i2/SCYh+2u5e4g==}

  '@clack/prompts@1.0.1':
    resolution: {integrity: sha512-/42G73JkuYdyWZ6m8d/CJtBrGl1Hegyc7Fy78m5Ob+jF85TOUmLR5XLce/U3LxYAw0kJ8CT5aI99RIvPHcGp/Q==}

  '@emnapi/core@1.8.1':
    resolution: {integrity: sha512-AvT9QFpxK0Zd8J0jopedNm+w/2fIzvtPKPjqyw9jwvBaReTTqPBk9Hixaz7KbjimP+QNz605/XnjFcDAL2pqBg==}

  '@emnapi/runtime@1.8.1':
    resolution: {integrity: sha512-mehfKSMWjjNol8659Z8KxEMrdSJDDot5SXMq00dM8BN4o+CLNXQ0xH2V7EchNHV4RmbZLmmPdEaXZc5H2FXmDg==}

  '@emnapi/wasi-threads@1.1.0':
    resolution: {integrity: sha512-WI0DdZ8xFSbgMjR1sFsKABJ/C5OnRrjT06JXbZKexJGrDuPTzZdDYfFlsgcCXCyf+suG5QU2e/y1Wo2V/OapLQ==}

  '@jridgewell/gen-mapping@0.3.13':
    resolution: {integrity: sha512-2kkt/7niJ6MgEPxF0bYdQ6etZaA+fQvDcLKckhy1yIQOzaoKjBBjSj63/aLVjYE3qhRt5dvM+uUyfCg6UKCBbA==}

  '@jridgewell/resolve-uri@3.1.2':
    resolution: {integrity: sha512-bRISgCIjP20/tbWSPWMEi54QVPRZExkuD9lJL+UIxUKtwVJA8wW1Trb1jMs1RFXo1CBTNZ/5hpC9QvmKWdopKw==}
    engines: {node: '>=6.0.0'}

  '@jridgewell/sourcemap-codec@1.5.5':
    resolution: {integrity: sha512-cYQ9310grqxueWbl+WuIUIaiUaDcj7WOq5fVhEljNVgRfOUhY9fy2zTvfoqWsnebh8Sl70VScFbICvJnLKB0Og==}

  '@jridgewell/trace-mapping@0.3.31':
    resolution: {integrity: sha512-zzNR+SdQSDJzc8joaeP8QQoCQr8NuYx2dIIytl1QeBEZHJ9uW6hebsrYgbz8hJwUQao3TWCMtmfV8Nu1twOLAw==}

  '@napi-rs/wasm-runtime@1.1.1':
    resolution: {integrity: sha512-p64ah1M1ld8xjWv3qbvFwHiFVWrq1yFvV4f7w+mzaqiR4IlSgkqhcRdHwsGgomwzBH51sRY4NEowLxnaBjcW/A==}

  '@oxc-project/types@0.112.0':
    resolution: {integrity: sha512-m6RebKHIRsax2iCwVpYW2ErQwa4ywHJrE4sCK3/8JK8ZZAWOKXaRJFl/uP51gaVyyXlaS4+chU1nSCdzYf6QqQ==}

  '@quansync/fs@1.0.0':
    resolution: {integrity: sha512-4TJ3DFtlf1L5LDMaM6CanJ/0lckGNtJcMjQ1NAV6zDmA0tEHKZtxNKin8EgPaVX1YzljbxckyT2tJrpQKAtngQ==}

  '@rolldown/binding-android-arm64@1.0.0-rc.3':
    resolution: {integrity: sha512-0T1k9FinuBZ/t7rZ8jN6OpUKPnUjNdYHoj/cESWrQ3ZraAJ4OMm6z7QjSfCxqj8mOp9kTKc1zHK3kGz5vMu+nQ==}
    engines: {node: ^20.19.0 || >=22.12.0}
    cpu: [arm64]
    os: [android]

  '@rolldown/binding-darwin-arm64@1.0.0-rc.3':
    resolution: {integrity: sha512-JWWLzvcmc/3pe7qdJqPpuPk91SoE/N+f3PcWx/6ZwuyDVyungAEJPvKm/eEldiDdwTmaEzWfIR+HORxYWrCi1A==}
    engines: {node: ^20.19.0 || >=22.12.0}
    cpu: [arm64]
    os: [darwin]

  '@rolldown/binding-darwin-x64@1.0.0-rc.3':
    resolution: {integrity: sha512-MTakBxfx3tde5WSmbHxuqlDsIW0EzQym+PJYGF4P6lG2NmKzi128OGynoFUqoD5ryCySEY85dug4v+LWGBElIw==}
    engines: {node: ^20.19.0 || >=22.12.0}
    cpu: [x64]
    os: [darwin]

  '@rolldown/binding-freebsd-x64@1.0.0-rc.3':
    resolution: {integrity: sha512-jje3oopyOLs7IwfvXoS6Lxnmie5JJO7vW29fdGFu5YGY1EDbVDhD+P9vDihqS5X6fFiqL3ZQZCMBg6jyHkSVww==}
    engines: {node: ^20.19.0 || >=22.12.0}
    cpu: [x64]
    os: [freebsd]

  '@rolldown/binding-linux-arm-gnueabihf@1.0.0-rc.3':
    resolution: {integrity: sha512-A0n8P3hdLAaqzSFrQoA42p23ZKBYQOw+8EH5r15Sa9X1kD9/JXe0YT2gph2QTWvdr0CVK2BOXiK6ENfy6DXOag==}
    engines: {node: ^20.19.0 || >=22.12.0}
    cpu: [arm]
    os: [linux]

  '@rolldown/binding-linux-arm64-gnu@1.0.0-rc.3':
    resolution: {integrity: sha512-kWXkoxxarYISBJ4bLNf5vFkEbb4JvccOwxWDxuK9yee8lg5XA7OpvlTptfRuwEvYcOZf+7VS69Uenpmpyo5Bjw==}
    engines: {node: ^20.19.0 || >=22.12.0}
    cpu: [arm64]
    os: [linux]

  '@rolldown/binding-linux-arm64-musl@1.0.0-rc.3':
    resolution: {integrity: sha512-Z03/wrqau9Bicfgb3Dbs6SYTHliELk2PM2LpG2nFd+cGupTMF5kanLEcj2vuuJLLhptNyS61rtk7SOZ+lPsTUA==}
    engines: {node: ^20.19.0 || >=22.12.0}
    cpu: [arm64]
    os: [linux]

  '@rolldown/binding-linux-x64-gnu@1.0.0-rc.3':
    resolution: {integrity: sha512-iSXXZsQp08CSilff/DCTFZHSVEpEwdicV3W8idHyrByrcsRDVh9sGC3sev6d8BygSGj3vt8GvUKBPCoyMA4tgQ==}
    engines: {node: ^20.19.0 || >=22.12.0}
    cpu: [x64]
    os: [linux]

  '@rolldown/binding-linux-x64-musl@1.0.0-rc.3':
    resolution: {integrity: sha512-qaj+MFudtdCv9xZo9znFvkgoajLdc+vwf0Kz5N44g+LU5XMe+IsACgn3UG7uTRlCCvhMAGXm1XlpEA5bZBrOcw==}
    engines: {node: ^20.19.0 || >=22.12.0}
    cpu: [x64]
    os: [linux]

  '@rolldown/binding-openharmony-arm64@1.0.0-rc.3':
    resolution: {integrity: sha512-U662UnMETyjT65gFmG9ma+XziENrs7BBnENi/27swZPYagubfHRirXHG2oMl+pEax2WvO7Kb9gHZmMakpYqBHQ==}
    engines: {node: ^20.19.0 || >=22.12.0}
    cpu: [arm64]
    os: [openharmony]

  '@rolldown/binding-wasm32-wasi@1.0.0-rc.3':
    resolution: {integrity: sha512-gekrQ3Q2HiC1T5njGyuUJoGpK/l6B/TNXKed3fZXNf9YRTJn3L5MOZsFBn4bN2+UX+8+7hgdlTcEsexX988G4g==}
    engines: {node: '>=14.0.0'}
    cpu: [wasm32]

  '@rolldown/binding-win32-arm64-msvc@1.0.0-rc.3':
    resolution: {integrity: sha512-85y5JifyMgs8m5K2XzR/VDsapKbiFiohl7s5lEj7nmNGO0pkTXE7q6TQScei96BNAsoK7JC3pA7ukA8WRHVJpg==}
    engines: {node: ^20.19.0 || >=22.12.0}
    cpu: [arm64]
    os: [win32]

  '@rolldown/binding-win32-x64-msvc@1.0.0-rc.3':
    resolution: {integrity: sha512-a4VUQZH7LxGbUJ3qJ/TzQG8HxdHvf+jOnqf7B7oFx1TEBm+j2KNL2zr5SQ7wHkNAcaPevF6gf9tQnVBnC4mD+A==}
    engines: {node: ^20.19.0 || >=22.12.0}
    cpu: [x64]
    os: [win32]

  '@rolldown/pluginutils@1.0.0-rc.3':
    resolution: {integrity: sha512-eybk3TjzzzV97Dlj5c+XrBFW57eTNhzod66y9HrBlzJ6NsCrWCp/2kaPS3K9wJmurBC0Tdw4yPjXKZqlznim3Q==}

  '@tybys/wasm-util@0.10.1':
    resolution: {integrity: sha512-9tTaPJLSiejZKx+Bmog4uSubteqTvFrVrURwkmHixBo0G4seD0zUxp98E1DzUBJxLQ3NPwXrGKDiVjwx/DpPsg==}

  '@types/estree@1.0.8':
    resolution: {integrity: sha512-dWHzHa2WqEXI/O1E9OjrocMTKJl2mSrEolh1Iomrv6U+JuNwaHXsXx9bLu5gG7BUWFIN0skIQJQ/L1rIex4X6w==}

  '@types/jsesc@2.5.1':
    resolution: {integrity: sha512-9VN+6yxLOPLOav+7PwjZbxiID2bVaeq0ED4qSQmdQTdjnXJSaCVKTR58t15oqH1H5t8Ng2ZX1SabJVoN9Q34bw==}

  '@types/node@20.19.33':
    resolution: {integrity: sha512-Rs1bVAIdBs5gbTIKza/tgpMuG1k3U/UMJLWecIMxNdJFDMzcM5LOiLVRYh3PilWEYDIeUDv7bpiHPLPsbydGcw==}

  ansis@4.2.0:
    resolution: {integrity: sha512-HqZ5rWlFjGiV0tDm3UxxgNRqsOTniqoKZu0pIAfh7TZQMGuZK+hH0drySty0si0QXj1ieop4+SkSfPZBPPkHig==}
    engines: {node: '>=14'}

  ast-kit@3.0.0-beta.1:
    resolution: {integrity: sha512-trmleAnZ2PxN/loHWVhhx1qeOHSRXq4TDsBBxq3GqeJitfk3+jTQ+v/C1km/KYq9M7wKqCewMh+/NAvVH7m+bw==}
    engines: {node: '>=20.19.0'}

  birpc@4.0.0:
    resolution: {integrity: sha512-LShSxJP0KTmd101b6DRyGBj57LZxSDYWKitQNW/mi8GRMvZb078Uf9+pveax1DrVL89vm7mWe+TovdI/UDOuPw==}

  bundle-name@4.1.0:
    resolution: {integrity: sha512-tjwM5exMg6BGRI+kNmTntNsvdZS1X8BFYS6tnJ2hdH0kVxM6/eVZ2xy+FqStSWvYmtfFMDLIxurorHwDKfDz5Q==}
    engines: {node: '>=18'}

  c12@3.3.3:
    resolution: {integrity: sha512-750hTRvgBy5kcMNPdh95Qo+XUBeGo8C7nsKSmedDmaQI+E0r82DwHeM6vBewDe4rGFbnxoa4V9pw+sPh5+Iz8Q==}
    peerDependencies:
      magicast: '*'
    peerDependenciesMeta:
      magicast:
        optional: true

  cac@6.7.14:
    resolution: {integrity: sha512-b6Ilus+c3RrdDk+JhLKUAQfzzgLEPy6wcXqS7f/xe1EETvsDP6GORG7SFuOs6cID5YkqchW/LXZbX5bc8j7ZcQ==}
    engines: {node: '>=8'}

  changelogen@0.6.2:
    resolution: {integrity: sha512-QtC7+r9BxoUm+XDAwhLbz3CgU134J1ytfE3iCpLpA4KFzX2P1e6s21RrWDwUBzfx66b1Rv+6lOA2nS2btprd+A==}
    hasBin: true

  chokidar@5.0.0:
    resolution: {integrity: sha512-TQMmc3w+5AxjpL8iIiwebF73dRDF4fBIieAqGn9RGCWaEVwQ6Fb2cGe31Yns0RRIzii5goJ1Y7xbMwo1TxMplw==}
    engines: {node: '>= 20.19.0'}

  citty@0.1.6:
    resolution: {integrity: sha512-tskPPKEs8D2KPafUypv2gxwJP8h/OaJmC82QQGGDQcHvXX43xF2VDACcJVmZ0EuSxkpO9Kc4MlrA3q0+FG58AQ==}

  citty@0.2.1:
    resolution: {integrity: sha512-kEV95lFBhQgtogAPlQfJJ0WGVSokvLr/UEoFPiKKOXF7pl98HfUVUD0ejsuTCld/9xH9vogSywZ5KqHzXrZpqg==}

  confbox@0.2.4:
    resolution: {integrity: sha512-ysOGlgTFbN2/Y6Cg3Iye8YKulHw+R2fNXHrgSmXISQdMnomY6eNDprVdW9R5xBguEqI954+S6709UyiO7B+6OQ==}

  consola@3.4.2:
    resolution: {integrity: sha512-5IKcdX0nnYavi6G7TtOhwkYzyjfJlatbjMjuLSfE2kYT5pMDOilZ4OvMhi637CcDICTmz3wARPoyhqyX1Y+XvA==}
    engines: {node: ^14.18.0 || >=16.10.0}

  convert-gitmoji@0.1.5:
    resolution: {integrity: sha512-4wqOafJdk2tqZC++cjcbGcaJ13BZ3kwldf06PTiAQRAB76Z1KJwZNL1SaRZMi2w1FM9RYTgZ6QErS8NUl/GBmQ==}

  default-browser-id@5.0.1:
    resolution: {integrity: sha512-x1VCxdX4t+8wVfd1so/9w+vQ4vx7lKd2Qp5tDRutErwmR85OgmfX7RlLRMWafRMY7hbEiXIbudNrjOAPa/hL8Q==}
    engines: {node: '>=18'}

  default-browser@5.5.0:
    resolution: {integrity: sha512-H9LMLr5zwIbSxrmvikGuI/5KGhZ8E2zH3stkMgM5LpOWDutGM2JZaj460Udnf1a+946zc7YBgrqEWwbk7zHvGw==}
    engines: {node: '>=18'}

  define-lazy-prop@3.0.0:
    resolution: {integrity: sha512-N+MeXYoqr3pOgn8xfyRPREN7gHakLYjhsHhWGT3fWAiL4IkAt0iDw14QiiEm2bE30c5XX5q0FtAA3CK5f9/BUg==}
    engines: {node: '>=12'}

  defu@6.1.4:
    resolution: {integrity: sha512-mEQCMmwJu317oSz8CwdIOdwf3xMif1ttiM8LTufzc3g6kR+9Pe236twL8j3IYT1F7GfRgGcW6MWxzZjLIkuHIg==}

  destr@2.0.5:
    resolution: {integrity: sha512-ugFTXCtDZunbzasqBxrK93Ik/DRYsO6S/fedkWEMKqt04xZ4csmnmwGDBAb07QWNaGMAmnTIemsYZCksjATwsA==}

  dotenv@17.3.1:
    resolution: {integrity: sha512-IO8C/dzEb6O3F9/twg6ZLXz164a2fhTnEWb95H23Dm4OuN+92NmEAlTrupP9VW6Jm3sO26tQlqyvyi4CsnY9GA==}
    engines: {node: '>=12'}

  dts-resolver@2.1.3:
    resolution: {integrity: sha512-bihc7jPC90VrosXNzK0LTE2cuLP6jr0Ro8jk+kMugHReJVLIpHz/xadeq3MhuwyO4TD4OA3L1Q8pBBFRc08Tsw==}
    engines: {node: '>=20.19.0'}
    peerDependencies:
      oxc-resolver: '>=11.0.0'
    peerDependenciesMeta:
      oxc-resolver:
        optional: true

  empathic@2.0.0:
    resolution: {integrity: sha512-i6UzDscO/XfAcNYD75CfICkmfLedpyPDdozrLMmQc5ORaQcdMoc21OnlEylMIqI7U8eniKrPMxxtj8k0vhmJhA==}
    engines: {node: '>=14'}

  estree-walker@3.0.3:
    resolution: {integrity: sha512-7RUKfXgSMMkzt6ZuXmqapOurLGPPfgj6l9uRZ7lRGolvk0y2yocc35LdcxKC5PQZdn2DMqioAQ2NoWcrTKmm6g==}

  exsolve@1.0.8:
    resolution: {integrity: sha512-LmDxfWXwcTArk8fUEnOfSZpHOJ6zOMUJKOtFLFqJLoKJetuQG874Uc7/Kki7zFLzYybmZhp1M7+98pfMqeX8yA==}

  fdir@6.5.0:
    resolution: {integrity: sha512-tIbYtZbucOs0BRGqPJkshJUYdL+SDH7dVM8gjy+ERp3WAUjLEFJE+02kanyHtwjWOnwrKYBiwAmM0p4kLJAnXg==}
    engines: {node: '>=12.0.0'}
    peerDependencies:
      picomatch: ^3 || ^4
    peerDependenciesMeta:
      picomatch:
        optional: true

  find-up-simple@1.0.1:
    resolution: {integrity: sha512-afd4O7zpqHeRyg4PfDQsXmlDe2PfdHtJt6Akt8jOWaApLOZk5JXs6VMR29lz03pRe9mpykrRCYIYxaJYcfpncQ==}
    engines: {node: '>=18'}

  fzf@0.5.2:
    resolution: {integrity: sha512-Tt4kuxLXFKHy8KT40zwsUPUkg1CrsgY25FxA2U/j/0WgEDCk3ddc/zLTCCcbSHX9FcKtLuVaDGtGE/STWC+j3Q==}

  get-tsconfig@4.13.6:
    resolution: {integrity: sha512-shZT/QMiSHc/YBLxxOkMtgSid5HFoauqCE3/exfsEcwg1WkeqjG+V40yBbBrsD+jW2HDXcs28xOfcbm2jI8Ddw==}

  giget@2.0.0:
    resolution: {integrity: sha512-L5bGsVkxJbJgdnwyuheIunkGatUF/zssUoxxjACCseZYAVbaqdh9Tsmmlkl8vYan09H7sbvKt4pS8GqKLBrEzA==}
    hasBin: true

  hookable@6.0.1:
    resolution: {integrity: sha512-uKGyY8BuzN/a5gvzvA+3FVWo0+wUjgtfSdnmjtrOVwQCZPHpHDH2WRO3VZSOeluYrHoDCiXFffZXs8Dj1ULWtw==}

  import-without-cache@0.2.5:
    resolution: {integrity: sha512-B6Lc2s6yApwnD2/pMzFh/d5AVjdsDXjgkeJ766FmFuJELIGHNycKRj+l3A39yZPM4CchqNCB4RITEAYB1KUM6A==}
    engines: {node: '>=20.19.0'}

  is-docker@3.0.0:
    resolution: {integrity: sha512-eljcgEDlEns/7AXFosB5K/2nCM4P7FQPkGc/DWLy5rmFEWvZayGrik1d9/QIY5nJ4f9YsVvBkA6kJpHn9rISdQ==}
    engines: {node: ^12.20.0 || ^14.13.1 || >=16.0.0}
    hasBin: true

  is-inside-container@1.0.0:
    resolution: {integrity: sha512-KIYLCCJghfHZxqjYBE7rEy0OBuTd5xCHS7tHVgvCLkx7StIoaxwNW3hCALgEUjFfeRk+MG/Qxmp/vtETEF3tRA==}
    engines: {node: '>=14.16'}
    hasBin: true

  is-wsl@3.1.0:
    resolution: {integrity: sha512-UcVfVfaK4Sc4m7X3dUSoHoozQGBEFeDC+zVo06t98xe8CzHSZZBekNXH+tu0NalHolcJ/QAGqS46Hef7QXBIMw==}
    engines: {node: '>=16'}

  jiti@2.6.1:
    resolution: {integrity: sha512-ekilCSN1jwRvIbgeg/57YFh8qQDNbwDb9xT/qu2DAHbFFZUicIl4ygVaAvzveMhMVr3LnpSKTNnwt8PoOfmKhQ==}
    hasBin: true

  jsesc@3.1.0:
    resolution: {integrity: sha512-/sM3dO2FOzXjKQhJuo0Q173wf2KOo8t4I8vHy6lF9poUp7bKT0/NHE8fPX23PwfhnykfqnC2xRxOnVw5XuGIaA==}
    engines: {node: '>=6'}
    hasBin: true

  mimic-function@5.0.1:
    resolution: {integrity: sha512-VP79XUPxV2CigYP3jWwAUFSku2aKqBH7uTAapFWCBqutsbmDo96KY5o8uh6U+/YSIn5OxJnXp73beVkpqMIGhA==}
    engines: {node: '>=18'}

  mri@1.2.0:
    resolution: {integrity: sha512-tzzskb3bG8LvYGFF/mDTpq3jpI6Q9wc3LEmBaghu+DdCssd1FakN7Bc0hVNmEyGq1bq3RgfkCb3cmQLpNPOroA==}
    engines: {node: '>=4'}

  nanoexec@1.1.0:
    resolution: {integrity: sha512-AFEBFWI+4vgstL3Czpbn8yCKBgN+b2d0qPdBCjmrOf9OOUUpLqBr+JocLJCfA5OYxKSmoOdEm6OWO5QraTNtDg==}
    peerDependencies:
      '@types/node': '*'

  node-fetch-native@1.6.7:
    resolution: {integrity: sha512-g9yhqoedzIUm0nTnTqAQvueMPVOuIY16bqgAJJC8XOOubYFNwz6IER9qs0Gq2Xd0+CecCKFjtdDTMA4u4xG06Q==}

  nypm@0.6.5:
    resolution: {integrity: sha512-K6AJy1GMVyfyMXRVB88700BJqNUkByijGJM8kEHpLdcAt+vSQAVfkWWHYzuRXHSY6xA2sNc5RjTj0p9rE2izVQ==}
    engines: {node: '>=18'}
    hasBin: true

  obug@2.1.1:
    resolution: {integrity: sha512-uTqF9MuPraAQ+IsnPf366RG4cP9RtUi7MLO1N3KEc+wb0a6yKpeL0lmk2IB1jY5KHPAlTc6T/JRdC/YqxHNwkQ==}

  ofetch@1.5.1:
    resolution: {integrity: sha512-2W4oUZlVaqAPAil6FUg/difl6YhqhUR7x2eZY4bQCko22UXg3hptq9KLQdqFClV+Wu85UX7hNtdGTngi/1BxcA==}

  ohash@2.0.11:
    resolution: {integrity: sha512-RdR9FQrFwNBNXAr4GixM8YaRZRJ5PUWbKYbE5eOsrwAjJW0q2REGcf79oYPsLyskQCZG1PLN+S/K1V00joZAoQ==}

  onetime@7.0.0:
    resolution: {integrity: sha512-VXJjc87FScF88uafS3JllDgvAm+c/Slfz06lorj2uAY34rlUu0Nt+v8wreiImcrgAjjIHp1rXpTDlLOGw29WwQ==}
    engines: {node: '>=18'}

  open@10.2.0:
    resolution: {integrity: sha512-YgBpdJHPyQ2UE5x+hlSXcnejzAvD0b22U2OuAP+8OnlJT+PjWPxtgmGqKKc+RgTM63U9gN0YzrYc71R2WT/hTA==}
    engines: {node: '>=18'}

  package-manager-detector@1.6.0:
    resolution: {integrity: sha512-61A5ThoTiDG/C8s8UMZwSorAGwMJ0ERVGj2OjoW5pAalsNOg15+iQiPzrLJ4jhZ1HJzmC2PIHT2oEiH3R5fzNA==}

  pathe@2.0.3:
    resolution: {integrity: sha512-WUjGcAqP1gQacoQe+OBJsFA7Ld4DyXuUIjZ5cc75cLHvJ7dtNsTugphxIADwspS+AraAUePCKrSVtPLFj/F88w==}

  perfect-debounce@2.1.0:
    resolution: {integrity: sha512-LjgdTytVFXeUgtHZr9WYViYSM/g8MkcTPYDlPa3cDqMirHjKiSZPYd6DoL7pK8AJQr+uWkQvCjHNdiMqsrJs+g==}

  picocolors@1.1.1:
    resolution: {integrity: sha512-xceH2snhtb5M9liqDsmEw56le376mTZkEX/jEb/RxNFyegNul7eNslCXP9FDj/Lcu0X8KEyMceP2ntpaHrDEVA==}

  picomatch@4.0.3:
    resolution: {integrity: sha512-5gTmgEY/sqK6gFXLIsQNH19lWb4ebPDLA4SdLP7dsWkIXHWlG66oPuVvXSGFPppYZz8ZDZq0dYYrbHfBCVUb1Q==}
    engines: {node: '>=12'}

  pkg-types@2.3.0:
    resolution: {integrity: sha512-SIqCzDRg0s9npO5XQ3tNZioRY1uK06lA41ynBC1YmFTmnY6FjUjVt6s4LoADmwoig1qqD0oK8h1p/8mlMx8Oig==}

  pnpm-workspace-yaml@1.5.0:
    resolution: {integrity: sha512-PxdyJuFvq5B0qm3s9PaH/xOtSxrcvpBRr+BblhucpWjs8c79d4b7/cXhyY4AyHOHCnqklCYZTjfl0bT/mFVTRw==}

  prettier@3.8.1:
    resolution: {integrity: sha512-UOnG6LftzbdaHZcKoPFtOcCKztrQ57WkHDeRD9t/PTQtmT0NHSeWWepj6pS0z/N7+08BHFDQVUrfmfMRcZwbMg==}
    engines: {node: '>=14'}
    hasBin: true

  promise-make-naked@3.0.2:
    resolution: {integrity: sha512-B+b+kQ1YrYS7zO7P7bQcoqqMUizP06BOyNSBEnB5VJKDSWo8fsVuDkfSmwdjF0JsRtaNh83so5MMFJ95soH5jg==}

  quansync@1.0.0:
    resolution: {integrity: sha512-5xZacEEufv3HSTPQuchrvV6soaiACMFnq1H8wkVioctoH3TRha9Sz66lOxRwPK/qZj7HPiSveih9yAyh98gvqA==}

  rc9@2.1.2:
    resolution: {integrity: sha512-btXCnMmRIBINM2LDZoEmOogIZU7Qe7zn4BpomSKZ/ykbLObuBdvG+mFq11DL6fjH1DRwHhrlgtYWG96bJiC7Cg==}

  readdirp@5.0.0:
    resolution: {integrity: sha512-9u/XQ1pvrQtYyMpZe7DXKv2p5CNvyVwzUB6uhLAnQwHMSgKMBR62lc7AHljaeteeHXn11XTAaLLUVZYVZyuRBQ==}
    engines: {node: '>= 20.19.0'}

  resolve-pkg-maps@1.0.0:
    resolution: {integrity: sha512-seS2Tj26TBVOC2NIc2rOe2y2ZO7efxITtLZcGSOnHHNOQ7CkiUBfw0Iw2ck6xkIhPwLhKNLS8BO+hEpngQlqzw==}

  restore-cursor@5.1.0:
    resolution: {integrity: sha512-oMA2dcrw6u0YfxJQXm342bFKX/E4sG9rbTzO9ptUcR/e8A33cHuvStiYOwH7fszkZlZ1z/ta9AAoPk2F4qIOHA==}
    engines: {node: '>=18'}

  rolldown-plugin-dts@0.22.1:
    resolution: {integrity: sha512-5E0AiM5RSQhU6cjtkDFWH6laW4IrMu0j1Mo8x04Xo1ALHmaRMs9/7zej7P3RrryVHW/DdZAp85MA7Be55p0iUw==}
    engines: {node: '>=20.19.0'}
    peerDependencies:
      '@ts-macro/tsc': ^0.3.6
      '@typescript/native-preview': '>=7.0.0-dev.20250601.1'
      rolldown: ^1.0.0-rc.3
      typescript: ^5.0.0
      vue-tsc: ~3.2.0
    peerDependenciesMeta:
      '@ts-macro/tsc':
        optional: true
      '@typescript/native-preview':
        optional: true
      typescript:
        optional: true
      vue-tsc:
        optional: true

  rolldown@1.0.0-rc.3:
    resolution: {integrity: sha512-Po/YZECDOqVXjIXrtC5h++a5NLvKAQNrd9ggrIG3sbDfGO5BqTUsrI6l8zdniKRp3r5Tp/2JTrXqx4GIguFCMw==}
    engines: {node: ^20.19.0 || >=22.12.0}
    hasBin: true

  run-applescript@7.1.0:
    resolution: {integrity: sha512-DPe5pVFaAsinSaV6QjQ6gdiedWDcRCbUuiQfQa2wmWV7+xC9bGulGI8+TdRmoFkAPaBXk8CrAbnlY2ISniJ47Q==}
    engines: {node: '>=18'}

  sade@1.8.1:
    resolution: {integrity: sha512-xal3CZX1Xlo/k4ApwCFrHVACi9fBqJ7V+mwhBsuf/1IOKbBy098Fex+Wa/5QMubw09pSZ/u8EY8PWgevJsXp1A==}
    engines: {node: '>=6'}

  scule@1.3.0:
    resolution: {integrity: sha512-6FtHJEvt+pVMIB9IBY+IcCJ6Z5f1iQnytgyfKMhDKgmzYG+TeH/wx1y3l27rshSbLiSanrR9ffZDrEsmjlQF2g==}

  semver@7.7.4:
    resolution: {integrity: sha512-vFKC2IEtQnVhpT78h1Yp8wzwrf8CM+MzKMHGJZfBtzhZNycRFnXsHk6E5TxIkkMsgNS7mdX3AGB7x2QM2di4lA==}
    engines: {node: '>=10'}
    hasBin: true

  signal-exit@4.1.0:
    resolution: {integrity: sha512-bzyZ1e88w9O1iNJbKnOlvYTrWPDl46O1bG0D3XInv+9tkPrxrN8jUUTiFlDkkmKWgn1M6CfIA13SuGqOa9Korw==}
    engines: {node: '>=14'}

  sisteransi@1.0.5:
    resolution: {integrity: sha512-bLGGlR1QxBcynn2d5YmDX4MGjlZvy2MRBDRNHLJ8VI6l6+9FUiyTFNJ0IveOSP0bcXgVDPRcfGqA0pjaqUpfVg==}

  std-env@3.10.0:
    resolution: {integrity: sha512-5GS12FdOZNliM5mAOxFRg7Ir0pWz8MdpYm6AY6VPkGpbA7ZzmbzNcBJQ0GPvvyWgcY7QAhCgf9Uy89I03faLkg==}

  taze@19.9.2:
    resolution: {integrity: sha512-If8bq7lSckIMPfXV+C9jjEfdsQnRryh/foKfpX/ah6zI0TrQfUGWSGCaaD32Bqy5/KGRmLZie3EwMSr3Au21XQ==}
    hasBin: true

  tinyexec@1.0.2:
    resolution: {integrity: sha512-W/KYk+NFhkmsYpuHq5JykngiOCnxeVL8v8dFnqxSD8qEEdRfXk1SDM6JzNqcERbcGYj9tMrDQBYV9cjgnunFIg==}
    engines: {node: '>=18'}

  tinyglobby@0.2.15:
    resolution: {integrity: sha512-j2Zq4NyQYG5XMST4cbs02Ak8iJUdxRM0XI5QyxXuZOzKOINmWurp3smXu3y5wDcJrptwpSjgXHzIQxR0omXljQ==}
    engines: {node: '>=12.0.0'}

  tree-kill@1.2.2:
    resolution: {integrity: sha512-L0Orpi8qGpRG//Nd+H90vFB+3iHnue1zSSGmNOOCh1GLJ7rUKVwV2HvijphGQS2UmhUZewS9VgvxYIdgr+fG1A==}
    hasBin: true

  tsdown@0.20.3:
    resolution: {integrity: sha512-qWOUXSbe4jN8JZEgrkc/uhJpC8VN2QpNu3eZkBWwNuTEjc/Ik1kcc54ycfcQ5QPRHeu9OQXaLfCI3o7pEJgB2w==}
    engines: {node: '>=20.19.0'}
    hasBin: true
    peerDependencies:
      '@arethetypeswrong/core': ^0.18.1
      '@vitejs/devtools': '*'
      publint: ^0.3.0
      typescript: ^5.0.0
      unplugin-lightningcss: ^0.4.0
      unplugin-unused: ^0.5.0
    peerDependenciesMeta:
      '@arethetypeswrong/core':
        optional: true
      '@vitejs/devtools':
        optional: true
      publint:
        optional: true
      typescript:
        optional: true
      unplugin-lightningcss:
        optional: true
      unplugin-unused:
        optional: true

  tslib@2.8.1:
    resolution: {integrity: sha512-oJFu94HQb+KVduSUQL7wnpmqnfmLsOA/nAh6b6EH0wCEoK0/mPeXU6c3wKDV83MkOuHPRHtSXKKU99IBazS/2w==}

  typescript@5.9.3:
    resolution: {integrity: sha512-jl1vZzPDinLr9eUt3J/t7V6FgNEw9QjvBPdysz9KfQDD41fQrC2Y4vKQdiaUpFT4bXlb1RHhLpp8wtm6M5TgSw==}
    engines: {node: '>=14.17'}
    hasBin: true

  ufo@1.6.3:
    resolution: {integrity: sha512-yDJTmhydvl5lJzBmy/hyOAA0d+aqCBuwl818haVdYCRrWV84o7YyeVm4QlVHStqNrrJSTb6jKuFAVqAFsr+K3Q==}

  unconfig-core@7.4.2:
    resolution: {integrity: sha512-VgPCvLWugINbXvMQDf8Jh0mlbvNjNC6eSUziHsBCMpxR05OPrNrvDnyatdMjRgcHaaNsCqz+wjNXxNw1kRLHUg==}

  unconfig@7.4.2:
    resolution: {integrity: sha512-nrMlWRQ1xdTjSnSUqvYqJzbTBFugoqHobQj58B2bc8qxHKBBHMNNsWQFP3Cd3/JZK907voM2geYPWqD4VK3MPQ==}

  undici-types@6.21.0:
    resolution: {integrity: sha512-iwDZqg0QAGrg9Rav5H4n0M64c3mkR59cJ6wQp+7C4nI0gsmExaedaYLNO44eT4AtBBwjbTiGPMlt2Md0T9H9JQ==}

  unrun@0.2.27:
    resolution: {integrity: sha512-Mmur1UJpIbfxasLOhPRvox/QS4xBiDii71hMP7smfRthGcwFL2OAmYRgduLANOAU4LUkvVamuP+02U+c90jlrw==}
    engines: {node: '>=20.19.0'}
    hasBin: true
    peerDependencies:
      synckit: ^0.11.11
    peerDependenciesMeta:
      synckit:
        optional: true

  wsl-utils@0.1.0:
    resolution: {integrity: sha512-h3Fbisa2nKGPxCpm89Hk33lBLsnaGBvctQopaBSOW/uIs6FTe1ATyAnKFJrzVs9vpGdsTe73WF3V4lIsk4Gacw==}
    engines: {node: '>=18'}

  yaml@2.8.2:
    resolution: {integrity: sha512-mplynKqc1C2hTVYxd0PU2xQAc22TI1vShAYGksCCfxbn/dFwnHTNi1bvYsBTkhdUNtGIf5xNOg938rrSSYvS9A==}
    engines: {node: '>= 14.6'}
    hasBin: true

snapshots:

  '@antfu/ni@27.0.1':
    dependencies:
      ansis: 4.2.0
      fzf: 0.5.2
      package-manager-detector: 1.6.0
      tinyexec: 1.0.2
      tinyglobby: 0.2.15

  '@babel/generator@8.0.0-rc.1':
    dependencies:
      '@babel/parser': 8.0.0-rc.1
      '@babel/types': 8.0.0-rc.1
      '@jridgewell/gen-mapping': 0.3.13
      '@jridgewell/trace-mapping': 0.3.31
      '@types/jsesc': 2.5.1
      jsesc: 3.1.0

  '@babel/helper-string-parser@8.0.0-rc.1': {}

  '@babel/helper-validator-identifier@8.0.0-rc.1': {}

  '@babel/parser@8.0.0-rc.1':
    dependencies:
      '@babel/types': 8.0.0-rc.1

  '@babel/types@8.0.0-rc.1':
    dependencies:
      '@babel/helper-string-parser': 8.0.0-rc.1
      '@babel/helper-validator-identifier': 8.0.0-rc.1

  '@biomejs/biome@2.3.15':
    optionalDependencies:
      '@biomejs/cli-darwin-arm64': 2.3.15
      '@biomejs/cli-darwin-x64': 2.3.15
      '@biomejs/cli-linux-arm64': 2.3.15
      '@biomejs/cli-linux-arm64-musl': 2.3.15
      '@biomejs/cli-linux-x64': 2.3.15
      '@biomejs/cli-linux-x64-musl': 2.3.15
      '@biomejs/cli-win32-arm64': 2.3.15
      '@biomejs/cli-win32-x64': 2.3.15

  '@biomejs/cli-darwin-arm64@2.3.15':
    optional: true

  '@biomejs/cli-darwin-x64@2.3.15':
    optional: true

  '@biomejs/cli-linux-arm64-musl@2.3.15':
    optional: true

  '@biomejs/cli-linux-arm64@2.3.15':
    optional: true

  '@biomejs/cli-linux-x64-musl@2.3.15':
    optional: true

  '@biomejs/cli-linux-x64@2.3.15':
    optional: true

  '@biomejs/cli-win32-arm64@2.3.15':
    optional: true

  '@biomejs/cli-win32-x64@2.3.15':
    optional: true

  '@clack/core@1.0.1':
    dependencies:
      picocolors: 1.1.1
      sisteransi: 1.0.5

  '@clack/prompts@1.0.1':
    dependencies:
      '@clack/core': 1.0.1
      picocolors: 1.1.1
      sisteransi: 1.0.5

  '@emnapi/core@1.8.1':
    dependencies:
      '@emnapi/wasi-threads': 1.1.0
      tslib: 2.8.1
    optional: true

  '@emnapi/runtime@1.8.1':
    dependencies:
      tslib: 2.8.1
    optional: true

  '@emnapi/wasi-threads@1.1.0':
    dependencies:
      tslib: 2.8.1
    optional: true

  '@jridgewell/gen-mapping@0.3.13':
    dependencies:
      '@jridgewell/sourcemap-codec': 1.5.5
      '@jridgewell/trace-mapping': 0.3.31

  '@jridgewell/resolve-uri@3.1.2': {}

  '@jridgewell/sourcemap-codec@1.5.5': {}

  '@jridgewell/trace-mapping@0.3.31':
    dependencies:
      '@jridgewell/resolve-uri': 3.1.2
      '@jridgewell/sourcemap-codec': 1.5.5

  '@napi-rs/wasm-runtime@1.1.1':
    dependencies:
      '@emnapi/core': 1.8.1
      '@emnapi/runtime': 1.8.1
      '@tybys/wasm-util': 0.10.1
    optional: true

  '@oxc-project/types@0.112.0': {}

  '@quansync/fs@1.0.0':
    dependencies:
      quansync: 1.0.0

  '@rolldown/binding-android-arm64@1.0.0-rc.3':
    optional: true

  '@rolldown/binding-darwin-arm64@1.0.0-rc.3':
    optional: true

  '@rolldown/binding-darwin-x64@1.0.0-rc.3':
    optional: true

  '@rolldown/binding-freebsd-x64@1.0.0-rc.3':
    optional: true

  '@rolldown/binding-linux-arm-gnueabihf@1.0.0-rc.3':
    optional: true

  '@rolldown/binding-linux-arm64-gnu@1.0.0-rc.3':
    optional: true

  '@rolldown/binding-linux-arm64-musl@1.0.0-rc.3':
    optional: true

  '@rolldown/binding-linux-x64-gnu@1.0.0-rc.3':
    optional: true

  '@rolldown/binding-linux-x64-musl@1.0.0-rc.3':
    optional: true

  '@rolldown/binding-openharmony-arm64@1.0.0-rc.3':
    optional: true

  '@rolldown/binding-wasm32-wasi@1.0.0-rc.3':
    dependencies:
      '@napi-rs/wasm-runtime': 1.1.1
    optional: true

  '@rolldown/binding-win32-arm64-msvc@1.0.0-rc.3':
    optional: true

  '@rolldown/binding-win32-x64-msvc@1.0.0-rc.3':
    optional: true

  '@rolldown/pluginutils@1.0.0-rc.3': {}

  '@tybys/wasm-util@0.10.1':
    dependencies:
      tslib: 2.8.1
    optional: true

  '@types/estree@1.0.8': {}

  '@types/jsesc@2.5.1': {}

  '@types/node@20.19.33':
    dependencies:
      undici-types: 6.21.0

  ansis@4.2.0: {}

  ast-kit@3.0.0-beta.1:
    dependencies:
      '@babel/parser': 8.0.0-rc.1
      estree-walker: 3.0.3
      pathe: 2.0.3

  birpc@4.0.0: {}

  bundle-name@4.1.0:
    dependencies:
      run-applescript: 7.1.0

  c12@3.3.3:
    dependencies:
      chokidar: 5.0.0
      confbox: 0.2.4
      defu: 6.1.4
      dotenv: 17.3.1
      exsolve: 1.0.8
      giget: 2.0.0
      jiti: 2.6.1
      ohash: 2.0.11
      pathe: 2.0.3
      perfect-debounce: 2.1.0
      pkg-types: 2.3.0
      rc9: 2.1.2

  cac@6.7.14: {}

  changelogen@0.6.2:
    dependencies:
      c12: 3.3.3
      confbox: 0.2.4
      consola: 3.4.2
      convert-gitmoji: 0.1.5
      mri: 1.2.0
      node-fetch-native: 1.6.7
      ofetch: 1.5.1
      open: 10.2.0
      pathe: 2.0.3
      pkg-types: 2.3.0
      scule: 1.3.0
      semver: 7.7.4
      std-env: 3.10.0
    transitivePeerDependencies:
      - magicast

  chokidar@5.0.0:
    dependencies:
      readdirp: 5.0.0

  citty@0.1.6:
    dependencies:
      consola: 3.4.2

  citty@0.2.1: {}

  confbox@0.2.4: {}

  consola@3.4.2: {}

  convert-gitmoji@0.1.5: {}

  default-browser-id@5.0.1: {}

  default-browser@5.5.0:
    dependencies:
      bundle-name: 4.1.0
      default-browser-id: 5.0.1

  define-lazy-prop@3.0.0: {}

  defu@6.1.4: {}

  destr@2.0.5: {}

  dotenv@17.3.1: {}

  dts-resolver@2.1.3: {}

  empathic@2.0.0: {}

  estree-walker@3.0.3:
    dependencies:
      '@types/estree': 1.0.8

  exsolve@1.0.8: {}

  fdir@6.5.0(picomatch@4.0.3):
    optionalDependencies:
      picomatch: 4.0.3

  find-up-simple@1.0.1: {}

  fzf@0.5.2: {}

  get-tsconfig@4.13.6:
    dependencies:
      resolve-pkg-maps: 1.0.0

  giget@2.0.0:
    dependencies:
      citty: 0.1.6
      consola: 3.4.2
      defu: 6.1.4
      node-fetch-native: 1.6.7
      nypm: 0.6.5
      pathe: 2.0.3

  hookable@6.0.1: {}

  import-without-cache@0.2.5: {}

  is-docker@3.0.0: {}

  is-inside-container@1.0.0:
    dependencies:
      is-docker: 3.0.0

  is-wsl@3.1.0:
    dependencies:
      is-inside-container: 1.0.0

  jiti@2.6.1: {}

  jsesc@3.1.0: {}

  mimic-function@5.0.1: {}

  mri@1.2.0: {}

  nanoexec@1.1.0(@types/node@20.19.33):
    dependencies:
      '@types/node': 20.19.33
      promise-make-naked: 3.0.2

  node-fetch-native@1.6.7: {}

  nypm@0.6.5:
    dependencies:
      citty: 0.2.1
      pathe: 2.0.3
      tinyexec: 1.0.2

  obug@2.1.1: {}

  ofetch@1.5.1:
    dependencies:
      destr: 2.0.5
      node-fetch-native: 1.6.7
      ufo: 1.6.3

  ohash@2.0.11: {}

  onetime@7.0.0:
    dependencies:
      mimic-function: 5.0.1

  open@10.2.0:
    dependencies:
      default-browser: 5.5.0
      define-lazy-prop: 3.0.0
      is-inside-container: 1.0.0
      wsl-utils: 0.1.0

  package-manager-detector@1.6.0: {}

  pathe@2.0.3: {}

  perfect-debounce@2.1.0: {}

  picocolors@1.1.1: {}

  picomatch@4.0.3: {}

  pkg-types@2.3.0:
    dependencies:
      confbox: 0.2.4
      exsolve: 1.0.8
      pathe: 2.0.3

  pnpm-workspace-yaml@1.5.0:
    dependencies:
      yaml: 2.8.2

  prettier@3.8.1: {}

  promise-make-naked@3.0.2: {}

  quansync@1.0.0: {}

  rc9@2.1.2:
    dependencies:
      defu: 6.1.4
      destr: 2.0.5

  readdirp@5.0.0: {}

  resolve-pkg-maps@1.0.0: {}

  restore-cursor@5.1.0:
    dependencies:
      onetime: 7.0.0
      signal-exit: 4.1.0

  rolldown-plugin-dts@0.22.1(rolldown@1.0.0-rc.3)(typescript@5.9.3):
    dependencies:
      '@babel/generator': 8.0.0-rc.1
      '@babel/helper-validator-identifier': 8.0.0-rc.1
      '@babel/parser': 8.0.0-rc.1
      '@babel/types': 8.0.0-rc.1
      ast-kit: 3.0.0-beta.1
      birpc: 4.0.0
      dts-resolver: 2.1.3
      get-tsconfig: 4.13.6
      obug: 2.1.1
      rolldown: 1.0.0-rc.3
    optionalDependencies:
      typescript: 5.9.3
    transitivePeerDependencies:
      - oxc-resolver

  rolldown@1.0.0-rc.3:
    dependencies:
      '@oxc-project/types': 0.112.0
      '@rolldown/pluginutils': 1.0.0-rc.3
    optionalDependencies:
      '@rolldown/binding-android-arm64': 1.0.0-rc.3
      '@rolldown/binding-darwin-arm64': 1.0.0-rc.3
      '@rolldown/binding-darwin-x64': 1.0.0-rc.3
      '@rolldown/binding-freebsd-x64': 1.0.0-rc.3
      '@rolldown/binding-linux-arm-gnueabihf': 1.0.0-rc.3
      '@rolldown/binding-linux-arm64-gnu': 1.0.0-rc.3
      '@rolldown/binding-linux-arm64-musl': 1.0.0-rc.3
      '@rolldown/binding-linux-x64-gnu': 1.0.0-rc.3
      '@rolldown/binding-linux-x64-musl': 1.0.0-rc.3
      '@rolldown/binding-openharmony-arm64': 1.0.0-rc.3
      '@rolldown/binding-wasm32-wasi': 1.0.0-rc.3
      '@rolldown/binding-win32-arm64-msvc': 1.0.0-rc.3
      '@rolldown/binding-win32-x64-msvc': 1.0.0-rc.3

  run-applescript@7.1.0: {}

  sade@1.8.1:
    dependencies:
      mri: 1.2.0

  scule@1.3.0: {}

  semver@7.7.4: {}

  signal-exit@4.1.0: {}

  sisteransi@1.0.5: {}

  std-env@3.10.0: {}

  taze@19.9.2:
    dependencies:
      '@antfu/ni': 27.0.1
      cac: 6.7.14
      find-up-simple: 1.0.1
      ofetch: 1.5.1
      package-manager-detector: 1.6.0
      pathe: 2.0.3
      pnpm-workspace-yaml: 1.5.0
      restore-cursor: 5.1.0
      tinyexec: 1.0.2
      tinyglobby: 0.2.15
      unconfig: 7.4.2
      yaml: 2.8.2

  tinyexec@1.0.2: {}

  tinyglobby@0.2.15:
    dependencies:
      fdir: 6.5.0(picomatch@4.0.3)
      picomatch: 4.0.3

  tree-kill@1.2.2: {}

  tsdown@0.20.3(typescript@5.9.3):
    dependencies:
      ansis: 4.2.0
      cac: 6.7.14
      defu: 6.1.4
      empathic: 2.0.0
      hookable: 6.0.1
      import-without-cache: 0.2.5
      obug: 2.1.1
      picomatch: 4.0.3
      rolldown: 1.0.0-rc.3
      rolldown-plugin-dts: 0.22.1(rolldown@1.0.0-rc.3)(typescript@5.9.3)
      semver: 7.7.4
      tinyexec: 1.0.2
      tinyglobby: 0.2.15
      tree-kill: 1.2.2
      unconfig-core: 7.4.2
      unrun: 0.2.27
    optionalDependencies:
      typescript: 5.9.3
    transitivePeerDependencies:
      - '@ts-macro/tsc'
      - '@typescript/native-preview'
      - oxc-resolver
      - synckit
      - vue-tsc

  tslib@2.8.1:
    optional: true

  typescript@5.9.3: {}

  ufo@1.6.3: {}

  unconfig-core@7.4.2:
    dependencies:
      '@quansync/fs': 1.0.0
      quansync: 1.0.0

  unconfig@7.4.2:
    dependencies:
      '@quansync/fs': 1.0.0
      defu: 6.1.4
      jiti: 2.6.1
      quansync: 1.0.0
      unconfig-core: 7.4.2

  undici-types@6.21.0: {}

  unrun@0.2.27:
    dependencies:
      rolldown: 1.0.0-rc.3

  wsl-utils@0.1.0:
    dependencies:
      is-wsl: 3.1.0

  yaml@2.8.2: {}
